// !$*UTF8*$!
{
	archiveVersion = 1;
	classes = {
	};
	objectVersion = 51;
	objects = {

/* Begin PBXBuildFile section */
		371B3609261A464700365F20 /* AppDelegate.swift in Sources */ = {isa = PBXBuildFile; fileRef = 371B3608261A464700365F20 /* AppDelegate.swift */; };
		371B360B261A464700365F20 /* SceneDelegate.swift in Sources */ = {isa = PBXBuildFile; fileRef = 371B360A261A464700365F20 /* SceneDelegate.swift */; };
		371B360D261A464700365F20 /* ViewController.swift in Sources */ = {isa = PBXBuildFile; fileRef = 371B360C261A464700365F20 /* ViewController.swift */; };
		371B3612261A464800365F20 /* Assets.xcassets in Resources */ = {isa = PBXBuildFile; fileRef = 371B3611261A464800365F20 /* Assets.xcassets */; };
		371B3615261A464800365F20 /* LaunchScreen.storyboard in Resources */ = {isa = PBXBuildFile; fileRef = 371B3613261A464800365F20 /* LaunchScreen.storyboard */; };
		3751C4B426480CEB00B41094 /* iOSDropDown.framework in Frameworks */ = {isa = PBXBuildFile; fileRef = 3751C4B326480CEB00B41094 /* iOSDropDown.framework */; };
		3782E4602645765D006DF07B /* Images.xcassets in Resources */ = {isa = PBXBuildFile; fileRef = 3782E45F2645765D006DF07B /* Images.xcassets */; };
		37E227AB2646FE0D0083562B /* Lato-Light.ttf in Resources */ = {isa = PBXBuildFile; fileRef = 37E227A72646FE0D0083562B /* Lato-Light.ttf */; };
		37E227AC2646FE0D0083562B /* Lato-Black.ttf in Resources */ = {isa = PBXBuildFile; fileRef = 37E227A82646FE0D0083562B /* Lato-Black.ttf */; };
		37E227AD2646FE0D0083562B /* Lato-Bold.ttf in Resources */ = {isa = PBXBuildFile; fileRef = 37E227A92646FE0D0083562B /* Lato-Bold.ttf */; };
		37E227AE2646FE0D0083562B /* Lato-Regular.ttf in Resources */ = {isa = PBXBuildFile; fileRef = 37E227AA2646FE0D0083562B /* Lato-Regular.ttf */; };
		3E25892E593ECED09EFE91D3 /* Pods_basicUI.framework in Frameworks */ = {isa = PBXBuildFile; fileRef = CBC10CDF6D618E4A00A554B4 /* Pods_basicUI.framework */; };
		8BB38095264659030055BA43 /* VesselSearchViewController.swift in Sources */ = {isa = PBXBuildFile; fileRef = 8BB38094264659030055BA43 /* VesselSearchViewController.swift */; };
		8BB596BB2647B0D50047223F /* StepperViewController.swift in Sources */ = {isa = PBXBuildFile; fileRef = 8BB596BA2647B0D50047223F /* StepperViewController.swift */; };
		8BB596BD2647B1060047223F /* StepTableViewCell.swift in Sources */ = {isa = PBXBuildFile; fileRef = 8BB596BC2647B1060047223F /* StepTableViewCell.swift */; };
		AD0CBE3826485A470075B54D /* availableVessels.json in Resources */ = {isa = PBXBuildFile; fileRef = AD0CBE3626485A470075B54D /* availableVessels.json */; };
		AD0CBE3926485A470075B54D /* trackingStatus.json in Resources */ = {isa = PBXBuildFile; fileRef = AD0CBE3726485A470075B54D /* trackingStatus.json */; };
		AD410A0D2645923B00AA0C54 /* VesselScheduleViewController.swift in Sources */ = {isa = PBXBuildFile; fileRef = AD410A0C2645923B00AA0C54 /* VesselScheduleViewController.swift */; };
		AD410A102645924B00AA0C54 /* TrackShipmentViewController.swift in Sources */ = {isa = PBXBuildFile; fileRef = AD410A0F2645924B00AA0C54 /* TrackShipmentViewController.swift */; };
		AD410A132645925900AA0C54 /* DashboardViewController.swift in Sources */ = {isa = PBXBuildFile; fileRef = AD410A122645925900AA0C54 /* DashboardViewController.swift */; };
		ADA8016B264704B900F3BC71 /* CardCell.swift in Sources */ = {isa = PBXBuildFile; fileRef = ADA8016A264704B900F3BC71 /* CardCell.swift */; };
		ADC10BD02647EA2800925701 /* Gists.swift in Sources */ = {isa = PBXBuildFile; fileRef = ADC10BCF2647EA2800925701 /* Gists.swift */; };
		ADC10BD22647EA3900925701 /* DataService.swift in Sources */ = {isa = PBXBuildFile; fileRef = ADC10BD12647EA3900925701 /* DataService.swift */; };
		ADC10BD92647ED4B00925701 /* source-and-destination.json in Resources */ = {isa = PBXBuildFile; fileRef = ADC10BD82647ED4B00925701 /* source-and-destination.json */; };
		ADD46DB0264586160015D9CB /* Main.storyboard in Resources */ = {isa = PBXBuildFile; fileRef = ADD46DAF264586160015D9CB /* Main.storyboard */; };
/* End PBXBuildFile section */

/* Begin PBXFileReference section */
		029E877935814C5C4E60D4BF /* Pods-basicUI.release.xcconfig */ = {isa = PBXFileReference; includeInIndex = 1; lastKnownFileType = text.xcconfig; name = "Pods-basicUI.release.xcconfig"; path = "Target Support Files/Pods-basicUI/Pods-basicUI.release.xcconfig"; sourceTree = "<group>"; };
		371B3605261A464700365F20 /* basicUI.app */ = {isa = PBXFileReference; explicitFileType = wrapper.application; includeInIndex = 0; path = basicUI.app; sourceTree = BUILT_PRODUCTS_DIR; };
		371B3608261A464700365F20 /* AppDelegate.swift */ = {isa = PBXFileReference; lastKnownFileType = sourcecode.swift; path = AppDelegate.swift; sourceTree = "<group>"; };
		371B360A261A464700365F20 /* SceneDelegate.swift */ = {isa = PBXFileReference; lastKnownFileType = sourcecode.swift; path = SceneDelegate.swift; sourceTree = "<group>"; };
		371B360C261A464700365F20 /* ViewController.swift */ = {isa = PBXFileReference; lastKnownFileType = sourcecode.swift; path = ViewController.swift; sourceTree = "<group>"; };
		371B3611261A464800365F20 /* Assets.xcassets */ = {isa = PBXFileReference; lastKnownFileType = folder.assetcatalog; path = Assets.xcassets; sourceTree = "<group>"; };
		371B3614261A464800365F20 /* Base */ = {isa = PBXFileReference; lastKnownFileType = file.storyboard; name = Base; path = Base.lproj/LaunchScreen.storyboard; sourceTree = "<group>"; };
		371B3616261A464800365F20 /* Info.plist */ = {isa = PBXFileReference; lastKnownFileType = text.plist.xml; path = Info.plist; sourceTree = "<group>"; };
		3751C4B326480CEB00B41094 /* iOSDropDown.framework */ = {isa = PBXFileReference; explicitFileType = wrapper.framework; path = iOSDropDown.framework; sourceTree = BUILT_PRODUCTS_DIR; };
		3782E45F2645765D006DF07B /* Images.xcassets */ = {isa = PBXFileReference; lastKnownFileType = folder.assetcatalog; path = Images.xcassets; sourceTree = "<group>"; };
		37E227A72646FE0D0083562B /* Lato-Light.ttf */ = {isa = PBXFileReference; lastKnownFileType = file; path = "Lato-Light.ttf"; sourceTree = "<group>"; };
		37E227A82646FE0D0083562B /* Lato-Black.ttf */ = {isa = PBXFileReference; lastKnownFileType = file; path = "Lato-Black.ttf"; sourceTree = "<group>"; };
		37E227A92646FE0D0083562B /* Lato-Bold.ttf */ = {isa = PBXFileReference; lastKnownFileType = file; path = "Lato-Bold.ttf"; sourceTree = "<group>"; };
		37E227AA2646FE0D0083562B /* Lato-Regular.ttf */ = {isa = PBXFileReference; lastKnownFileType = file; path = "Lato-Regular.ttf"; sourceTree = "<group>"; };
		37E227AF26470E2B0083562B /* iOSDropDown.framework */ = {isa = PBXFileReference; explicitFileType = wrapper.framework; path = iOSDropDown.framework; sourceTree = BUILT_PRODUCTS_DIR; };
		37E227B1264711B40083562B /* iOSDropDown.framework */ = {isa = PBXFileReference; explicitFileType = wrapper.framework; path = iOSDropDown.framework; sourceTree = BUILT_PRODUCTS_DIR; };
		37E227B3264715740083562B /* iOSDropDown.framework */ = {isa = PBXFileReference; explicitFileType = wrapper.framework; path = iOSDropDown.framework; sourceTree = BUILT_PRODUCTS_DIR; };
		37E227B726471B0C0083562B /* iOSDropDown.framework */ = {isa = PBXFileReference; explicitFileType = wrapper.framework; path = iOSDropDown.framework; sourceTree = BUILT_PRODUCTS_DIR; };
		8BB38094264659030055BA43 /* VesselSearchViewController.swift */ = {isa = PBXFileReference; lastKnownFileType = sourcecode.swift; path = VesselSearchViewController.swift; sourceTree = "<group>"; };
		8BB596BA2647B0D50047223F /* StepperViewController.swift */ = {isa = PBXFileReference; lastKnownFileType = sourcecode.swift; path = StepperViewController.swift; sourceTree = "<group>"; };
		8BB596BC2647B1060047223F /* StepTableViewCell.swift */ = {isa = PBXFileReference; lastKnownFileType = sourcecode.swift; path = StepTableViewCell.swift; sourceTree = "<group>"; };
		AD0CBE3626485A470075B54D /* availableVessels.json */ = {isa = PBXFileReference; fileEncoding = 4; lastKnownFileType = text.json; path = availableVessels.json; sourceTree = "<group>"; };
		AD0CBE3726485A470075B54D /* trackingStatus.json */ = {isa = PBXFileReference; fileEncoding = 4; lastKnownFileType = text.json; path = trackingStatus.json; sourceTree = "<group>"; };
		AD410A0C2645923B00AA0C54 /* VesselScheduleViewController.swift */ = {isa = PBXFileReference; lastKnownFileType = sourcecode.swift; path = VesselScheduleViewController.swift; sourceTree = "<group>"; };
		AD410A0F2645924B00AA0C54 /* TrackShipmentViewController.swift */ = {isa = PBXFileReference; lastKnownFileType = sourcecode.swift; path = TrackShipmentViewController.swift; sourceTree = "<group>"; };
		AD410A122645925900AA0C54 /* DashboardViewController.swift */ = {isa = PBXFileReference; lastKnownFileType = sourcecode.swift; path = DashboardViewController.swift; sourceTree = "<group>"; };
		ADA8016A264704B900F3BC71 /* CardCell.swift */ = {isa = PBXFileReference; lastKnownFileType = sourcecode.swift; path = CardCell.swift; sourceTree = "<group>"; };
		ADC10BCF2647EA2800925701 /* Gists.swift */ = {isa = PBXFileReference; lastKnownFileType = sourcecode.swift; path = Gists.swift; sourceTree = "<group>"; };
		ADC10BD12647EA3900925701 /* DataService.swift */ = {isa = PBXFileReference; lastKnownFileType = sourcecode.swift; path = DataService.swift; sourceTree = "<group>"; };
		ADC10BD82647ED4B00925701 /* source-and-destination.json */ = {isa = PBXFileReference; fileEncoding = 4; lastKnownFileType = text.json; path = "source-and-destination.json"; sourceTree = "<group>"; };
		ADD46DAF264586160015D9CB /* Main.storyboard */ = {isa = PBXFileReference; fileEncoding = 4; lastKnownFileType = file.storyboard; path = Main.storyboard; sourceTree = "<group>"; };
		CBC10CDF6D618E4A00A554B4 /* Pods_basicUI.framework */ = {isa = PBXFileReference; explicitFileType = wrapper.framework; includeInIndex = 0; path = Pods_basicUI.framework; sourceTree = BUILT_PRODUCTS_DIR; };
		F09EC6236F43CD367ACE2501 /* Pods-basicUI.debug.xcconfig */ = {isa = PBXFileReference; includeInIndex = 1; lastKnownFileType = text.xcconfig; name = "Pods-basicUI.debug.xcconfig"; path = "Target Support Files/Pods-basicUI/Pods-basicUI.debug.xcconfig"; sourceTree = "<group>"; };
/* End PBXFileReference section */

/* Begin PBXFrameworksBuildPhase section */
		371B3602261A464700365F20 /* Frameworks */ = {
			isa = PBXFrameworksBuildPhase;
			buildActionMask = 2147483647;
			files = (
				3751C4B426480CEB00B41094 /* iOSDropDown.framework in Frameworks */,
				3E25892E593ECED09EFE91D3 /* Pods_basicUI.framework in Frameworks */,
			);
			runOnlyForDeploymentPostprocessing = 0;
		};
/* End PBXFrameworksBuildPhase section */

/* Begin PBXGroup section */
		371B35FC261A464700365F20 = {
			isa = PBXGroup;
			children = (
				371B3607261A464700365F20 /* basicUI */,
				371B3606261A464700365F20 /* Products */,
				92925F1859076314403F4BA5 /* Pods */,
				6FB2159E917E313C1D91DEA1 /* Frameworks */,
			);
			sourceTree = "<group>";
		};
		371B3606261A464700365F20 /* Products */ = {
			isa = PBXGroup;
			children = (
				371B3605261A464700365F20 /* basicUI.app */,
			);
			name = Products;
			sourceTree = "<group>";
		};
		371B3607261A464700365F20 /* basicUI */ = {
			isa = PBXGroup;
			children = (
				AD0CBE3626485A470075B54D /* availableVessels.json */,
				AD0CBE3726485A470075B54D /* trackingStatus.json */,
				ADC10BD82647ED4B00925701 /* source-and-destination.json */,
				371B3608261A464700365F20 /* AppDelegate.swift */,
				371B360A261A464700365F20 /* SceneDelegate.swift */,
				371B360C261A464700365F20 /* ViewController.swift */,
				ADD46DAF264586160015D9CB /* Main.storyboard */,
				371B3611261A464800365F20 /* Assets.xcassets */,
				371B3613261A464800365F20 /* LaunchScreen.storyboard */,
				371B3616261A464800365F20 /* Info.plist */,
				3782E45F2645765D006DF07B /* Images.xcassets */,
				AD410A0C2645923B00AA0C54 /* VesselScheduleViewController.swift */,
				AD410A0F2645924B00AA0C54 /* TrackShipmentViewController.swift */,
				AD410A122645925900AA0C54 /* DashboardViewController.swift */,
				8BB38094264659030055BA43 /* VesselSearchViewController.swift */,
				ADA8016A264704B900F3BC71 /* CardCell.swift */,
				37E227A62646FDFB0083562B /* New Group */,
				8BB596BA2647B0D50047223F /* StepperViewController.swift */,
				8BB596BC2647B1060047223F /* StepTableViewCell.swift */,
				ADC10BCF2647EA2800925701 /* Gists.swift */,
				ADC10BD12647EA3900925701 /* DataService.swift */,
			);
			path = basicUI;
			sourceTree = "<group>";
		};
		37E227A62646FDFB0083562B /* New Group */ = {
			isa = PBXGroup;
			children = (
				37E227A82646FE0D0083562B /* Lato-Black.ttf */,
				37E227A92646FE0D0083562B /* Lato-Bold.ttf */,
				37E227A72646FE0D0083562B /* Lato-Light.ttf */,
				37E227AA2646FE0D0083562B /* Lato-Regular.ttf */,
			);
			path = "New Group";
			sourceTree = "<group>";
		};
		6FB2159E917E313C1D91DEA1 /* Frameworks */ = {
			isa = PBXGroup;
			children = (
				3751C4B326480CEB00B41094 /* iOSDropDown.framework */,
				37E227B726471B0C0083562B /* iOSDropDown.framework */,
				37E227B3264715740083562B /* iOSDropDown.framework */,
				37E227B1264711B40083562B /* iOSDropDown.framework */,
				37E227AF26470E2B0083562B /* iOSDropDown.framework */,
				CBC10CDF6D618E4A00A554B4 /* Pods_basicUI.framework */,
			);
			name = Frameworks;
			sourceTree = "<group>";
		};
		92925F1859076314403F4BA5 /* Pods */ = {
			isa = PBXGroup;
			children = (
				F09EC6236F43CD367ACE2501 /* Pods-basicUI.debug.xcconfig */,
				029E877935814C5C4E60D4BF /* Pods-basicUI.release.xcconfig */,
			);
			path = Pods;
			sourceTree = "<group>";
		};
/* End PBXGroup section */

/* Begin PBXNativeTarget section */
		371B3604261A464700365F20 /* basicUI */ = {
			isa = PBXNativeTarget;
			buildConfigurationList = 371B3619261A464800365F20 /* Build configuration list for PBXNativeTarget "basicUI" */;
			buildPhases = (
				5278EA621CCD4B536D9ED0AB /* [CP] Check Pods Manifest.lock */,
				371B3601261A464700365F20 /* Sources */,
				371B3602261A464700365F20 /* Frameworks */,
				371B3603261A464700365F20 /* Resources */,
				1D4B7CB5182EA391861BD847 /* [CP] Embed Pods Frameworks */,
			);
			buildRules = (
			);
			dependencies = (
			);
			name = basicUI;
			productName = basicUI;
			productReference = 371B3605261A464700365F20 /* basicUI.app */;
			productType = "com.apple.product-type.application";
		};
/* End PBXNativeTarget section */

/* Begin PBXProject section */
		371B35FD261A464700365F20 /* Project object */ = {
			isa = PBXProject;
			attributes = {
				LastSwiftUpdateCheck = 1170;
				LastUpgradeCheck = 1170;
				ORGANIZATIONNAME = user187847;
				TargetAttributes = {
					371B3604261A464700365F20 = {
						CreatedOnToolsVersion = 11.7;
					};
				};
			};
			buildConfigurationList = 371B3600261A464700365F20 /* Build configuration list for PBXProject "basicUI" */;
			compatibilityVersion = "Xcode 9.3";
			developmentRegion = en;
			hasScannedForEncodings = 0;
			knownRegions = (
				en,
				Base,
			);
			mainGroup = 371B35FC261A464700365F20;
			productRefGroup = 371B3606261A464700365F20 /* Products */;
			projectDirPath = "";
			projectRoot = "";
			targets = (
				371B3604261A464700365F20 /* basicUI */,
			);
		};
/* End PBXProject section */

/* Begin PBXResourcesBuildPhase section */
		371B3603261A464700365F20 /* Resources */ = {
			isa = PBXResourcesBuildPhase;
			buildActionMask = 2147483647;
			files = (
				AD0CBE3926485A470075B54D /* trackingStatus.json in Resources */,
				37E227AD2646FE0D0083562B /* Lato-Bold.ttf in Resources */,
				37E227AB2646FE0D0083562B /* Lato-Light.ttf in Resources */,
				3782E4602645765D006DF07B /* Images.xcassets in Resources */,
				37E227AE2646FE0D0083562B /* Lato-Regular.ttf in Resources */,
				371B3615261A464800365F20 /* LaunchScreen.storyboard in Resources */,
				ADC10BD92647ED4B00925701 /* source-and-destination.json in Resources */,
				371B3612261A464800365F20 /* Assets.xcassets in Resources */,
				37E227AC2646FE0D0083562B /* Lato-Black.ttf in Resources */,
				ADD46DB0264586160015D9CB /* Main.storyboard in Resources */,
				AD0CBE3826485A470075B54D /* availableVessels.json in Resources */,
			);
			runOnlyForDeploymentPostprocessing = 0;
		};
/* End PBXResourcesBuildPhase section */

/* Begin PBXShellScriptBuildPhase section */
		1D4B7CB5182EA391861BD847 /* [CP] Embed Pods Frameworks */ = {
			isa = PBXShellScriptBuildPhase;
			buildActionMask = 2147483647;
			files = (
			);
			inputFileListPaths = (
				"${PODS_ROOT}/Target Support Files/Pods-basicUI/Pods-basicUI-frameworks-${CONFIGURATION}-input-files.xcfilelist",
			);
			name = "[CP] Embed Pods Frameworks";
			outputFileListPaths = (
				"${PODS_ROOT}/Target Support Files/Pods-basicUI/Pods-basicUI-frameworks-${CONFIGURATION}-output-files.xcfilelist",
			);
			runOnlyForDeploymentPostprocessing = 0;
			shellPath = /bin/sh;
			shellScript = "\"${PODS_ROOT}/Target Support Files/Pods-basicUI/Pods-basicUI-frameworks.sh\"\n";
			showEnvVarsInLog = 0;
		};
		5278EA621CCD4B536D9ED0AB /* [CP] Check Pods Manifest.lock */ = {
			isa = PBXShellScriptBuildPhase;
			buildActionMask = 2147483647;
			files = (
			);
			inputFileListPaths = (
			);
			inputPaths = (
				"${PODS_PODFILE_DIR_PATH}/Podfile.lock",
				"${PODS_ROOT}/Manifest.lock",
			);
			name = "[CP] Check Pods Manifest.lock";
			outputFileListPaths = (
			);
			outputPaths = (
				"$(DERIVED_FILE_DIR)/Pods-basicUI-checkManifestLockResult.txt",
			);
			runOnlyForDeploymentPostprocessing = 0;
			shellPath = /bin/sh;
			shellScript = "diff \"${PODS_PODFILE_DIR_PATH}/Podfile.lock\" \"${PODS_ROOT}/Manifest.lock\" > /dev/null\nif [ $? != 0 ] ; then\n    # print error to STDERR\n    echo \"error: The sandbox is not in sync with the Podfile.lock. Run 'pod install' or update your CocoaPods installation.\" >&2\n    exit 1\nfi\n# This output is used by Xcode 'outputs' to avoid re-running this script phase.\necho \"SUCCESS\" > \"${SCRIPT_OUTPUT_FILE_0}\"\n";
			showEnvVarsInLog = 0;
		};
/* End PBXShellScriptBuildPhase section */

/* Begin PBXSourcesBuildPhase section */
		371B3601261A464700365F20 /* Sources */ = {
			isa = PBXSourcesBuildPhase;
			buildActionMask = 2147483647;
			files = (
				371B360D261A464700365F20 /* ViewController.swift in Sources */,
				AD410A132645925900AA0C54 /* DashboardViewController.swift in Sources */,
				371B3609261A464700365F20 /* AppDelegate.swift in Sources */,
				ADC10BD22647EA3900925701 /* DataService.swift in Sources */,
				8BB596BD2647B1060047223F /* StepTableViewCell.swift in Sources */,
				ADC10BD02647EA2800925701 /* Gists.swift in Sources */,
				ADA8016B264704B900F3BC71 /* CardCell.swift in Sources */,
				AD410A102645924B00AA0C54 /* TrackShipmentViewController.swift in Sources */,
				8BB38095264659030055BA43 /* VesselSearchViewController.swift in Sources */,
				8BB596BB2647B0D50047223F /* StepperViewController.swift in Sources */,
				371B360B261A464700365F20 /* SceneDelegate.swift in Sources */,
				AD410A0D2645923B00AA0C54 /* VesselScheduleViewController.swift in Sources */,
			);
			runOnlyForDeploymentPostprocessing = 0;
		};
/* End PBXSourcesBuildPhase section */

/* Begin PBXVariantGroup section */
		371B3613261A464800365F20 /* LaunchScreen.storyboard */ = {
			isa = PBXVariantGroup;
			children = (
				371B3614261A464800365F20 /* Base */,
			);
			name = LaunchScreen.storyboard;
			sourceTree = "<group>";
		};
/* End PBXVariantGroup section */

/* Begin XCBuildConfiguration section */
		371B3617261A464800365F20 /* Debug */ = {
			isa = XCBuildConfiguration;
			buildSettings = {
				ALWAYS_SEARCH_USER_PATHS = NO;
				CLANG_ANALYZER_NONNULL = YES;
				CLANG_ANALYZER_NUMBER_OBJECT_CONVERSION = YES_AGGRESSIVE;
				CLANG_CXX_LANGUAGE_STANDARD = "gnu++14";
				CLANG_CXX_LIBRARY = "libc++";
				CLANG_ENABLE_MODULES = YES;
				CLANG_ENABLE_OBJC_ARC = YES;
				CLANG_ENABLE_OBJC_WEAK = YES;
				CLANG_WARN_BLOCK_CAPTURE_AUTORELEASING = YES;
				CLANG_WARN_BOOL_CONVERSION = YES;
				CLANG_WARN_COMMA = YES;
				CLANG_WARN_CONSTANT_CONVERSION = YES;
				CLANG_WARN_DEPRECATED_OBJC_IMPLEMENTATIONS = YES;
				CLANG_WARN_DIRECT_OBJC_ISA_USAGE = YES_ERROR;
				CLANG_WARN_DOCUMENTATION_COMMENTS = YES;
				CLANG_WARN_EMPTY_BODY = YES;
				CLANG_WARN_ENUM_CONVERSION = YES;
				CLANG_WARN_INFINITE_RECURSION = YES;
				CLANG_WARN_INT_CONVERSION = YES;
				CLANG_WARN_NON_LITERAL_NULL_CONVERSION = YES;
				CLANG_WARN_OBJC_IMPLICIT_RETAIN_SELF = YES;
				CLANG_WARN_OBJC_LITERAL_CONVERSION = YES;
				CLANG_WARN_OBJC_ROOT_CLASS = YES_ERROR;
				CLANG_WARN_RANGE_LOOP_ANALYSIS = YES;
				CLANG_WARN_STRICT_PROTOTYPES = YES;
				CLANG_WARN_SUSPICIOUS_MOVE = YES;
				CLANG_WARN_UNGUARDED_AVAILABILITY = YES_AGGRESSIVE;
				CLANG_WARN_UNREACHABLE_CODE = YES;
				CLANG_WARN__DUPLICATE_METHOD_MATCH = YES;
				COPY_PHASE_STRIP = NO;
				DEBUG_INFORMATION_FORMAT = dwarf;
				ENABLE_STRICT_OBJC_MSGSEND = YES;
				ENABLE_TESTABILITY = YES;
				GCC_C_LANGUAGE_STANDARD = gnu11;
				GCC_DYNAMIC_NO_PIC = NO;
				GCC_NO_COMMON_BLOCKS = YES;
				GCC_OPTIMIZATION_LEVEL = 0;
				GCC_PREPROCESSOR_DEFINITIONS = (
					"DEBUG=1",
					"$(inherited)",
				);
				GCC_WARN_64_TO_32_BIT_CONVERSION = YES;
				GCC_WARN_ABOUT_RETURN_TYPE = YES_ERROR;
				GCC_WARN_UNDECLARED_SELECTOR = YES;
				GCC_WARN_UNINITIALIZED_AUTOS = YES_AGGRESSIVE;
				GCC_WARN_UNUSED_FUNCTION = YES;
				GCC_WARN_UNUSED_VARIABLE = YES;
				IPHONEOS_DEPLOYMENT_TARGET = 13.7;
				MTL_ENABLE_DEBUG_INFO = INCLUDE_SOURCE;
				MTL_FAST_MATH = YES;
				ONLY_ACTIVE_ARCH = YES;
				SDKROOT = iphoneos;
				SWIFT_ACTIVE_COMPILATION_CONDITIONS = DEBUG;
				SWIFT_OPTIMIZATION_LEVEL = "-Onone";
			};
			name = Debug;
		};
		371B3618261A464800365F20 /* Release */ = {
			isa = XCBuildConfiguration;
			buildSettings = {
				ALWAYS_SEARCH_USER_PATHS = NO;
				CLANG_ANALYZER_NONNULL = YES;
				CLANG_ANALYZER_NUMBER_OBJECT_CONVERSION = YES_AGGRESSIVE;
				CLANG_CXX_LANGUAGE_STANDARD = "gnu++14";
				CLANG_CXX_LIBRARY = "libc++";
				CLANG_ENABLE_MODULES = YES;
				CLANG_ENABLE_OBJC_ARC = YES;
				CLANG_ENABLE_OBJC_WEAK = YES;
				CLANG_WARN_BLOCK_CAPTURE_AUTORELEASING = YES;
				CLANG_WARN_BOOL_CONVERSION = YES;
				CLANG_WARN_COMMA = YES;
				CLANG_WARN_CONSTANT_CONVERSION = YES;
				CLANG_WARN_DEPRECATED_OBJC_IMPLEMENTATIONS = YES;
				CLANG_WARN_DIRECT_OBJC_ISA_USAGE = YES_ERROR;
				CLANG_WARN_DOCUMENTATION_COMMENTS = YES;
				CLANG_WARN_EMPTY_BODY = YES;
				CLANG_WARN_ENUM_CONVERSION = YES;
				CLANG_WARN_INFINITE_RECURSION = YES;
				CLANG_WARN_INT_CONVERSION = YES;
				CLANG_WARN_NON_LITERAL_NULL_CONVERSION = YES;
				CLANG_WARN_OBJC_IMPLICIT_RETAIN_SELF = YES;
				CLANG_WARN_OBJC_LITERAL_CONVERSION = YES;
				CLANG_WARN_OBJC_ROOT_CLASS = YES_ERROR;
				CLANG_WARN_RANGE_LOOP_ANALYSIS = YES;
				CLANG_WARN_STRICT_PROTOTYPES = YES;
				CLANG_WARN_SUSPICIOUS_MOVE = YES;
				CLANG_WARN_UNGUARDED_AVAILABILITY = YES_AGGRESSIVE;
				CLANG_WARN_UNREACHABLE_CODE = YES;
				CLANG_WARN__DUPLICATE_METHOD_MATCH = YES;
				COPY_PHASE_STRIP = NO;
				DEBUG_INFORMATION_FORMAT = "dwarf-with-dsym";
				ENABLE_NS_ASSERTIONS = NO;
				ENABLE_STRICT_OBJC_MSGSEND = YES;
				GCC_C_LANGUAGE_STANDARD = gnu11;
				GCC_NO_COMMON_BLOCKS = YES;
				GCC_WARN_64_TO_32_BIT_CONVERSION = YES;
				GCC_WARN_ABOUT_RETURN_TYPE = YES_ERROR;
				GCC_WARN_UNDECLARED_SELECTOR = YES;
				GCC_WARN_UNINITIALIZED_AUTOS = YES_AGGRESSIVE;
				GCC_WARN_UNUSED_FUNCTION = YES;
				GCC_WARN_UNUSED_VARIABLE = YES;
				IPHONEOS_DEPLOYMENT_TARGET = 13.7;
				MTL_ENABLE_DEBUG_INFO = NO;
				MTL_FAST_MATH = YES;
				SDKROOT = iphoneos;
				SWIFT_COMPILATION_MODE = wholemodule;
				SWIFT_OPTIMIZATION_LEVEL = "-O";
				VALIDATE_PRODUCT = YES;
			};
			name = Release;
		};
		371B361A261A464800365F20 /* Debug */ = {
			isa = XCBuildConfiguration;
			baseConfigurationReference = F09EC6236F43CD367ACE2501 /* Pods-basicUI.debug.xcconfig */;
			buildSettings = {
				ASSETCATALOG_COMPILER_APPICON_NAME = AppIcon;
				CODE_SIGN_STYLE = Automatic;
				INFOPLIST_FILE = basicUI/Info.plist;
				LD_RUNPATH_SEARCH_PATHS = (
					"$(inherited)",
					"@executable_path/Frameworks",
				);
				PRODUCT_BUNDLE_IDENTIFIER = com.divami.basicUI;
				PRODUCT_NAME = "$(TARGET_NAME)";
				SWIFT_VERSION = 5.0;
				TARGETED_DEVICE_FAMILY = "1,2";
			};
			name = Debug;
		};
		371B361B261A464800365F20 /* Release */ = {
			isa = XCBuildConfiguration;
			baseConfigurationReference = 029E877935814C5C4E60D4BF /* Pods-basicUI.release.xcconfig */;
			buildSettings = {
				ASSETCATALOG_COMPILER_APPICON_NAME = AppIcon;
				CODE_SIGN_STYLE = Automatic;
				INFOPLIST_FILE = basicUI/Info.plist;
				LD_RUNPATH_SEARCH_PATHS = (
					"$(inherited)",
					"@executable_path/Frameworks",
				);
				PRODUCT_BUNDLE_IDENTIFIER = com.divami.basicUI;
				PRODUCT_NAME = "$(TARGET_NAME)";
				SWIFT_VERSION = 5.0;
				TARGETED_DEVICE_FAMILY = "1,2";
			};
			name = Release;
		};
/* End XCBuildConfiguration section */

/* Begin XCConfigurationList section */
		371B3600261A464700365F20 /* Build configuration list for PBXProject "basicUI" */ = {
			isa = XCConfigurationList;
			buildConfigurations = (
				371B3617261A464800365F20 /* Debug */,
				371B3618261A464800365F20 /* Release */,
			);
			defaultConfigurationIsVisible = 0;
			defaultConfigurationName = Release;
		};
		371B3619261A464800365F20 /* Build configuration list for PBXNativeTarget "basicUI" */ = {
			isa = XCConfigurationList;
			buildConfigurations = (
				371B361A261A464800365F20 /* Debug */,
				371B361B261A464800365F20 /* Release */,
			);
			defaultConfigurationIsVisible = 0;
			defaultConfigurationName = Release;
		};
/* End XCConfigurationList section */
	};
	rootObject = 371B35FD261A464700365F20 /* Project object */;
}
